
Microsoft Visual Studio Solution File, Format Version 12.00
# Visual Studio 2012
Project("{FAE04EC0-301F-11D3-BF4B-00C04F79EFBC}") = "ValidatorGeocoder", "ValidatorGeocoder\ValidatorGeocoder.csproj", "{F546F7A7-2219-4651-8ECA-645FEDC8CF73}"
EndProject
Global
	GlobalSection(SolutionConfigurationPlatforms) = preSolution
		Debug|Any CPU = Debug|Any CPU
		Release|Any CPU = Release|Any CPU
	EndGlobalSection
	GlobalSection(ProjectConfigurationPlatforms) = postSolution
		{F546F7A7-2219-4651-8ECA-645FEDC8CF73}.Debug|Any CPU.ActiveCfg = Debug|Any CPU
		{F546F7A7-2219-4651-8ECA-645FEDC8CF73}.Debug|Any CPU.Build.0 = Debug|Any CPU
		{F546F7A7-2219-4651-8ECA-645FEDC8CF73}.Release|Any CPU.ActiveCfg = Release|Any CPU
		{F546F7A7-2219-4651-8ECA-645FEDC8CF73}.Release|Any CPU.Build.0 = Release|Any CPU
	EndGlobalSection
	GlobalSection(SolutionProperties) = preSolution
		HideSolutionNode = FALSE
	EndGlobalSection
EndGlobal
